
Microsoft Visual Studio Solution File, Format Version 12.00
# Visual Studio Version 17
VisualStudioVersion = 17.8.34309.116
MinimumVisualStudioVersion = 10.0.40219.1
Project("{2150E333-8FDC-42A3-9474-1A3956D46DE8}") = "src", "src", "{A0008E69-5D01-4356-8A23-6FE2A1B917DF}"
EndProject
Project("{2150E333-8FDC-42A3-9474-1A3956D46DE8}") = "test", "test", "{DDBB1410-5160-4F4C-9597-B4C6C18D1D94}"
EndProject
Project("{FAE04EC0-301F-11D3-BF4B-00C04F79EFBC}") = "WebApplication", "src\WebApplication\WebApplication.csproj", "{BCB47423-9475-4E43-B6F1-7A91CF5B0A2E}"
EndProject
Project("{E53339B2-1760-4266-BCC7-CA923CBCF16C}") = "docker-compose", "docker-compose.dcproj", "{30ECE781-1A4E-4AB2-86C3-99FAA8F79A64}"
EndProject
Project("{FAE04EC0-301F-11D3-BF4B-00C04F79EFBC}") = "WebApplication.Test", "test\WebApplication.Test\WebApplication.Test.csproj", "{81795365-70DA-4B15-AE19-BED7D52864BE}"
EndProject
Global
	GlobalSection(SolutionConfigurationPlatforms) = preSolution
		Debug|Any CPU = Debug|Any CPU
		Release|Any CPU = Release|Any CPU
	EndGlobalSection
	GlobalSection(ProjectConfigurationPlatforms) = postSolution
		{BCB47423-9475-4E43-B6F1-7A91CF5B0A2E}.Debug|Any CPU.ActiveCfg = Debug|Any CPU
		{BCB47423-9475-4E43-B6F1-7A91CF5B0A2E}.Debug|Any CPU.Build.0 = Debug|Any CPU
		{BCB47423-9475-4E43-B6F1-7A91CF5B0A2E}.Release|Any CPU.ActiveCfg = Release|Any CPU
		{BCB47423-9475-4E43-B6F1-7A91CF5B0A2E}.Release|Any CPU.Build.0 = Release|Any CPU
		{30ECE781-1A4E-4AB2-86C3-99FAA8F79A64}.Debug|Any CPU.ActiveCfg = Debug|Any CPU
		{30ECE781-1A4E-4AB2-86C3-99FAA8F79A64}.Debug|Any CPU.Build.0 = Debug|Any CPU
		{30ECE781-1A4E-4AB2-86C3-99FAA8F79A64}.Release|Any CPU.ActiveCfg = Release|Any CPU
		{30ECE781-1A4E-4AB2-86C3-99FAA8F79A64}.Release|Any CPU.Build.0 = Release|Any CPU
		{81795365-70DA-4B15-AE19-BED7D52864BE}.Debug|Any CPU.ActiveCfg = Debug|Any CPU
		{81795365-70DA-4B15-AE19-BED7D52864BE}.Debug|Any CPU.Build.0 = Debug|Any CPU
		{81795365-70DA-4B15-AE19-BED7D52864BE}.Release|Any CPU.ActiveCfg = Release|Any CPU
		{81795365-70DA-4B15-AE19-BED7D52864BE}.Release|Any CPU.Build.0 = Release|Any CPU
	EndGlobalSection
	GlobalSection(SolutionProperties) = preSolution
		HideSolutionNode = FALSE
	EndGlobalSection
	GlobalSection(NestedProjects) = preSolution
		{BCB47423-9475-4E43-B6F1-7A91CF5B0A2E} = {A0008E69-5D01-4356-8A23-6FE2A1B917DF}
		{81795365-70DA-4B15-AE19-BED7D52864BE} = {DDBB1410-5160-4F4C-9597-B4C6C18D1D94}
	EndGlobalSection
	GlobalSection(ExtensibilityGlobals) = postSolution
		SolutionGuid = {B2817D4D-38ED-49B7-871C-352B42A086DA}
	EndGlobalSection
EndGlobal
